// !$*UTF8*$!
{
	archiveVersion = 1;
	classes = {
	};
	objectVersion = 48;
	objects = {

/* Begin PBXBuildFile section */
		391FF5682183EDD70097D754 /* AppDelegate.m in Sources */ = {isa = PBXBuildFile; fileRef = 391FF5672183EDD70097D754 /* AppDelegate.m */; };
		391FF56B2183EDD70097D754 /* ViewController.m in Sources */ = {isa = PBXBuildFile; fileRef = 391FF56A2183EDD70097D754 /* ViewController.m */; };
		391FF56E2183EDD70097D754 /* Main.storyboard in Resources */ = {isa = PBXBuildFile; fileRef = 391FF56C2183EDD70097D754 /* Main.storyboard */; };
		391FF5702183EDD70097D754 /* Assets.xcassets in Resources */ = {isa = PBXBuildFile; fileRef = 391FF56F2183EDD70097D754 /* Assets.xcassets */; };
		391FF5732183EDD70097D754 /* LaunchScreen.storyboard in Resources */ = {isa = PBXBuildFile; fileRef = 391FF5712183EDD70097D754 /* LaunchScreen.storyboard */; };
		391FF5762183EDD70097D754 /* main.m in Sources */ = {isa = PBXBuildFile; fileRef = 391FF5752183EDD70097D754 /* main.m */; };
		391FF5802183EDD70097D754 /* onlyDemoTests.m in Sources */ = {isa = PBXBuildFile; fileRef = 391FF57F2183EDD70097D754 /* onlyDemoTests.m */; };
		391FF58B2183EDD70097D754 /* onlyDemoUITests.m in Sources */ = {isa = PBXBuildFile; fileRef = 391FF58A2183EDD70097D754 /* onlyDemoUITests.m */; };
/* End PBXBuildFile section */

/* Begin PBXContainerItemProxy section */
		391FF57C2183EDD70097D754 /* PBXContainerItemProxy */ = {
			isa = PBXContainerItemProxy;
			containerPortal = 391FF55B2183EDD70097D754 /* Project object */;
			proxyType = 1;
			remoteGlobalIDString = 391FF5622183EDD70097D754;
			remoteInfo = onlyDemo;
		};
		391FF5872183EDD70097D754 /* PBXContainerItemProxy */ = {
			isa = PBXContainerItemProxy;
			containerPortal = 391FF55B2183EDD70097D754 /* Project object */;
			proxyType = 1;
			remoteGlobalIDString = 391FF5622183EDD70097D754;
			remoteInfo = onlyDemo;
		};
/* End PBXContainerItemProxy section */

/* Begin PBXFileReference section */
		391FF5632183EDD70097D754 /* onlyDemo.app */ = {isa = PBXFileReference; explicitFileType = wrapper.application; includeInIndex = 0; path = onlyDemo.app; sourceTree = BUILT_PRODUCTS_DIR; };
		391FF5662183EDD70097D754 /* AppDelegate.h */ = {isa = PBXFileReference; lastKnownFileType = sourcecode.c.h; path = AppDelegate.h; sourceTree = "<group>"; };
		391FF5672183EDD70097D754 /* AppDelegate.m */ = {isa = PBXFileReference; lastKnownFileType = sourcecode.c.objc; path = AppDelegate.m; sourceTree = "<group>"; };
		391FF5692183EDD70097D754 /* ViewController.h */ = {isa = PBXFileReference; lastKnownFileType = sourcecode.c.h; path = ViewController.h; sourceTree = "<group>"; };
		391FF56A2183EDD70097D754 /* ViewController.m */ = {isa = PBXFileReference; lastKnownFileType = sourcecode.c.objc; path = ViewController.m; sourceTree = "<group>"; };
		391FF56D2183EDD70097D754 /* Base */ = {isa = PBXFileReference; lastKnownFileType = file.storyboard; name = Base; path = Base.lproj/Main.storyboard; sourceTree = "<group>"; };
		391FF56F2183EDD70097D754 /* Assets.xcassets */ = {isa = PBXFileReference; lastKnownFileType = folder.assetcatalog; path = Assets.xcassets; sourceTree = "<group>"; };
		391FF5722183EDD70097D754 /* Base */ = {isa = PBXFileReference; lastKnownFileType = file.storyboard; name = Base; path = Base.lproj/LaunchScreen.storyboard; sourceTree = "<group>"; };
		391FF5742183EDD70097D754 /* Info.plist */ = {isa = PBXFileReference; lastKnownFileType = text.plist.xml; path = Info.plist; sourceTree = "<group>"; };
		391FF5752183EDD70097D754 /* main.m */ = {isa = PBXFileReference; lastKnownFileType = sourcecode.c.objc; path = main.m; sourceTree = "<group>"; };
		391FF57B2183EDD70097D754 /* onlyDemoTests.xctest */ = {isa = PBXFileReference; explicitFileType = wrapper.cfbundle; includeInIndex = 0; path = onlyDemoTests.xctest; sourceTree = BUILT_PRODUCTS_DIR; };
		391FF57F2183EDD70097D754 /* onlyDemoTests.m */ = {isa = PBXFileReference; lastKnownFileType = sourcecode.c.objc; path = onlyDemoTests.m; sourceTree = "<group>"; };
		391FF5812183EDD70097D754 /* Info.plist */ = {isa = PBXFileReference; lastKnownFileType = text.plist.xml; path = Info.plist; sourceTree = "<group>"; };
		391FF5862183EDD70097D754 /* onlyDemoUITests.xctest */ = {isa = PBXFileReference; explicitFileType = wrapper.cfbundle; includeInIndex = 0; path = onlyDemoUITests.xctest; sourceTree = BUILT_PRODUCTS_DIR; };
		391FF58A2183EDD70097D754 /* onlyDemoUITests.m */ = {isa = PBXFileReference; lastKnownFileType = sourcecode.c.objc; path = onlyDemoUITests.m; sourceTree = "<group>"; };
		391FF58C2183EDD70097D754 /* Info.plist */ = {isa = PBXFileReference; lastKnownFileType = text.plist.xml; path = Info.plist; sourceTree = "<group>"; };
/* End PBXFileReference section */

/* Begin PBXFrameworksBuildPhase section */
		391FF5602183EDD70097D754 /* Frameworks */ = {
			isa = PBXFrameworksBuildPhase;
			buildActionMask = 2147483647;
			files = (
			);
			runOnlyForDeploymentPostprocessing = 0;
		};
		391FF5782183EDD70097D754 /* Frameworks */ = {
			isa = PBXFrameworksBuildPhase;
			buildActionMask = 2147483647;
			files = (
			);
			runOnlyForDeploymentPostprocessing = 0;
		};
		391FF5832183EDD70097D754 /* Frameworks */ = {
			isa = PBXFrameworksBuildPhase;
			buildActionMask = 2147483647;
			files = (
			);
			runOnlyForDeploymentPostprocessing = 0;
		};
/* End PBXFrameworksBuildPhase section */

/* Begin PBXGroup section */
		391FF55A2183EDD70097D754 = {
			isa = PBXGroup;
			children = (
				391FF5652183EDD70097D754 /* onlyDemo */,
				391FF57E2183EDD70097D754 /* onlyDemoTests */,
				391FF5892183EDD70097D754 /* onlyDemoUITests */,
				391FF5642183EDD70097D754 /* Products */,
			);
			sourceTree = "<group>";
		};
		391FF5642183EDD70097D754 /* Products */ = {
			isa = PBXGroup;
			children = (
				391FF5632183EDD70097D754 /* onlyDemo.app */,
				391FF57B2183EDD70097D754 /* onlyDemoTests.xctest */,
				391FF5862183EDD70097D754 /* onlyDemoUITests.xctest */,
			);
			name = Products;
			sourceTree = "<group>";
		};
		391FF5652183EDD70097D754 /* onlyDemo */ = {
			isa = PBXGroup;
			children = (
				391FF5662183EDD70097D754 /* AppDelegate.h */,
				391FF5672183EDD70097D754 /* AppDelegate.m */,
				391FF5692183EDD70097D754 /* ViewController.h */,
				391FF56A2183EDD70097D754 /* ViewController.m */,
				391FF56C2183EDD70097D754 /* Main.storyboard */,
				391FF56F2183EDD70097D754 /* Assets.xcassets */,
				391FF5712183EDD70097D754 /* LaunchScreen.storyboard */,
				391FF5742183EDD70097D754 /* Info.plist */,
				391FF5752183EDD70097D754 /* main.m */,
			);
			path = onlyDemo;
			sourceTree = "<group>";
		};
		391FF57E2183EDD70097D754 /* onlyDemoTests */ = {
			isa = PBXGroup;
			children = (
				391FF57F2183EDD70097D754 /* onlyDemoTests.m */,
				391FF5812183EDD70097D754 /* Info.plist */,
			);
			path = onlyDemoTests;
			sourceTree = "<group>";
		};
		391FF5892183EDD70097D754 /* onlyDemoUITests */ = {
			isa = PBXGroup;
			children = (
				391FF58A2183EDD70097D754 /* onlyDemoUITests.m */,
				391FF58C2183EDD70097D754 /* Info.plist */,
			);
			path = onlyDemoUITests;
			sourceTree = "<group>";
		};
/* End PBXGroup section */

/* Begin PBXNativeTarget section */
		391FF5622183EDD70097D754 /* onlyDemo */ = {
			isa = PBXNativeTarget;
			buildConfigurationList = 391FF58F2183EDD70097D754 /* Build configuration list for PBXNativeTarget "onlyDemo" */;
			buildPhases = (
				391FF55F2183EDD70097D754 /* Sources */,
				391FF5602183EDD70097D754 /* Frameworks */,
				391FF5612183EDD70097D754 /* Resources */,
			);
			buildRules = (
			);
			dependencies = (
			);
			name = onlyDemo;
			productName = onlyDemo;
			productReference = 391FF5632183EDD70097D754 /* onlyDemo.app */;
			productType = "com.apple.product-type.application";
		};
		391FF57A2183EDD70097D754 /* onlyDemoTests */ = {
			isa = PBXNativeTarget;
			buildConfigurationList = 391FF5922183EDD70097D754 /* Build configuration list for PBXNativeTarget "onlyDemoTests" */;
			buildPhases = (
				391FF5772183EDD70097D754 /* Sources */,
				391FF5782183EDD70097D754 /* Frameworks */,
				391FF5792183EDD70097D754 /* Resources */,
			);
			buildRules = (
			);
			dependencies = (
				391FF57D2183EDD70097D754 /* PBXTargetDependency */,
			);
			name = onlyDemoTests;
			productName = onlyDemoTests;
			productReference = 391FF57B2183EDD70097D754 /* onlyDemoTests.xctest */;
			productType = "com.apple.product-type.bundle.unit-test";
		};
		391FF5852183EDD70097D754 /* onlyDemoUITests */ = {
			isa = PBXNativeTarget;
			buildConfigurationList = 391FF5952183EDD70097D754 /* Build configuration list for PBXNativeTarget "onlyDemoUITests" */;
			buildPhases = (
				391FF5822183EDD70097D754 /* Sources */,
				391FF5832183EDD70097D754 /* Frameworks */,
				391FF5842183EDD70097D754 /* Resources */,
			);
			buildRules = (
			);
			dependencies = (
				391FF5882183EDD70097D754 /* PBXTargetDependency */,
			);
			name = onlyDemoUITests;
			productName = onlyDemoUITests;
			productReference = 391FF5862183EDD70097D754 /* onlyDemoUITests.xctest */;
			productType = "com.apple.product-type.bundle.ui-testing";
		};
/* End PBXNativeTarget section */

/* Begin PBXProject section */
		391FF55B2183EDD70097D754 /* Project object */ = {
			isa = PBXProject;
			attributes = {
				LastUpgradeCheck = 0920;
				ORGANIZATIONNAME = gaozhihong;
				TargetAttributes = {
					391FF5622183EDD70097D754 = {
						CreatedOnToolsVersion = 9.2;
						ProvisioningStyle = Automatic;
					};
					391FF57A2183EDD70097D754 = {
						CreatedOnToolsVersion = 9.2;
						ProvisioningStyle = Automatic;
						TestTargetID = 391FF5622183EDD70097D754;
					};
					391FF5852183EDD70097D754 = {
						CreatedOnToolsVersion = 9.2;
						ProvisioningStyle = Automatic;
						TestTargetID = 391FF5622183EDD70097D754;
					};
				};
			};
			buildConfigurationList = 391FF55E2183EDD70097D754 /* Build configuration list for PBXProject "onlyDemo" */;
			compatibilityVersion = "Xcode 8.0";
			developmentRegion = en;
			hasScannedForEncodings = 0;
			knownRegions = (
				en,
				Base,
			);
			mainGroup = 391FF55A2183EDD70097D754;
			productRefGroup = 391FF5642183EDD70097D754 /* Products */;
			projectDirPath = "";
			projectRoot = "";
			targets = (
				391FF5622183EDD70097D754 /* onlyDemo */,
				391FF57A2183EDD70097D754 /* onlyDemoTests */,
				391FF5852183EDD70097D754 /* onlyDemoUITests */,
			);
		};
/* End PBXProject section */

/* Begin PBXResourcesBuildPhase section */
		391FF5612183EDD70097D754 /* Resources */ = {
			isa = PBXResourcesBuildPhase;
			buildActionMask = 2147483647;
			files = (
				391FF5732183EDD70097D754 /* LaunchScreen.storyboard in Resources */,
				391FF5702183EDD70097D754 /* Assets.xcassets in Resources */,
				391FF56E2183EDD70097D754 /* Main.storyboard in Resources */,
			);
			runOnlyForDeploymentPostprocessing = 0;
		};
		391FF5792183EDD70097D754 /* Resources */ = {
			isa = PBXResourcesBuildPhase;
			buildActionMask = 2147483647;
			files = (
			);
			runOnlyForDeploymentPostprocessing = 0;
		};
		391FF5842183EDD70097D754 /* Resources */ = {
			isa = PBXResourcesBuildPhase;
			buildActionMask = 2147483647;
			files = (
			);
			runOnlyForDeploymentPostprocessing = 0;
		};
/* End PBXResourcesBuildPhase section */

/* Begin PBXSourcesBuildPhase section */
		391FF55F2183EDD70097D754 /* Sources */ = {
			isa = PBXSourcesBuildPhase;
			buildActionMask = 2147483647;
			files = (
				391FF56B2183EDD70097D754 /* ViewController.m in Sources */,
				391FF5762183EDD70097D754 /* main.m in Sources */,
				391FF5682183EDD70097D754 /* AppDelegate.m in Sources */,
			);
			runOnlyForDeploymentPostprocessing = 0;
		};
		391FF5772183EDD70097D754 /* Sources */ = {
			isa = PBXSourcesBuildPhase;
			buildActionMask = 2147483647;
			files = (
				391FF5802183EDD70097D754 /* onlyDemoTests.m in Sources */,
			);
			runOnlyForDeploymentPostprocessing = 0;
		};
		391FF5822183EDD70097D754 /* Sources */ = {
			isa = PBXSourcesBuildPhase;
			buildActionMask = 2147483647;
			files = (
				391FF58B2183EDD70097D754 /* onlyDemoUITests.m in Sources */,
			);
			runOnlyForDeploymentPostprocessing = 0;
		};
/* End PBXSourcesBuildPhase section */

/* Begin PBXTargetDependency section */
		391FF57D2183EDD70097D754 /* PBXTargetDependency */ = {
			isa = PBXTargetDependency;
			target = 391FF5622183EDD70097D754 /* onlyDemo */;
			targetProxy = 391FF57C2183EDD70097D754 /* PBXContainerItemProxy */;
		};
		391FF5882183EDD70097D754 /* PBXTargetDependency */ = {
			isa = PBXTargetDependency;
			target = 391FF5622183EDD70097D754 /* onlyDemo */;
			targetProxy = 391FF5872183EDD70097D754 /* PBXContainerItemProxy */;
		};
/* End PBXTargetDependency section */

/* Begin PBXVariantGroup section */
		391FF56C2183EDD70097D754 /* Main.storyboard */ = {
			isa = PBXVariantGroup;
			children = (
				391FF56D2183EDD70097D754 /* Base */,
			);
			name = Main.storyboard;
			sourceTree = "<group>";
		};
		391FF5712183EDD70097D754 /* LaunchScreen.storyboard */ = {
			isa = PBXVariantGroup;
			children = (
				391FF5722183EDD70097D754 /* Base */,
			);
			name = LaunchScreen.storyboard;
			sourceTree = "<group>";
		};
/* End PBXVariantGroup section */

/* Begin XCBuildConfiguration section */
		391FF58D2183EDD70097D754 /* Debug */ = {
			isa = XCBuildConfiguration;
			buildSettings = {
				ALWAYS_SEARCH_USER_PATHS = NO;
				CLANG_ANALYZER_NONNULL = YES;
				CLANG_ANALYZER_NUMBER_OBJECT_CONVERSION = YES_AGGRESSIVE;
				CLANG_CXX_LANGUAGE_STANDARD = "gnu++14";
				CLANG_CXX_LIBRARY = "libc++";
				CLANG_ENABLE_MODULES = YES;
				CLANG_ENABLE_OBJC_ARC = YES;
				CLANG_WARN_BLOCK_CAPTURE_AUTORELEASING = YES;
				CLANG_WARN_BOOL_CONVERSION = YES;
				CLANG_WARN_COMMA = YES;
				CLANG_WARN_CONSTANT_CONVERSION = YES;
				CLANG_WARN_DIRECT_OBJC_ISA_USAGE = YES_ERROR;
				CLANG_WARN_DOCUMENTATION_COMMENTS = YES;
				CLANG_WARN_EMPTY_BODY = YES;
				CLANG_WARN_ENUM_CONVERSION = YES;
				CLANG_WARN_INFINITE_RECURSION = YES;
				CLANG_WARN_INT_CONVERSION = YES;
				CLANG_WARN_NON_LITERAL_NULL_CONVERSION = YES;
				CLANG_WARN_OBJC_LITERAL_CONVERSION = YES;
				CLANG_WARN_OBJC_ROOT_CLASS = YES_ERROR;
				CLANG_WARN_RANGE_LOOP_ANALYSIS = YES;
				CLANG_WARN_STRICT_PROTOTYPES = YES;
				CLANG_WARN_SUSPICIOUS_MOVE = YES;
				CLANG_WARN_UNGUARDED_AVAILABILITY = YES_AGGRESSIVE;
				CLANG_WARN_UNREACHABLE_CODE = YES;
				CLANG_WARN__DUPLICATE_METHOD_MATCH = YES;
				CODE_SIGN_IDENTITY = "iPhone Developer";
				COPY_PHASE_STRIP = NO;
				DEBUG_INFORMATION_FORMAT = dwarf;
				ENABLE_STRICT_OBJC_MSGSEND = YES;
				ENABLE_TESTABILITY = YES;
				GCC_C_LANGUAGE_STANDARD = gnu11;
				GCC_DYNAMIC_NO_PIC = NO;
				GCC_NO_COMMON_BLOCKS = YES;
				GCC_OPTIMIZATION_LEVEL = 0;
				GCC_PREPROCESSOR_DEFINITIONS = (
					"DEBUG=1",
					"$(inherited)",
				);
				GCC_WARN_64_TO_32_BIT_CONVERSION = YES;
				GCC_WARN_ABOUT_RETURN_TYPE = YES_ERROR;
				GCC_WARN_UNDECLARED_SELECTOR = YES;
				GCC_WARN_UNINITIALIZED_AUTOS = YES_AGGRESSIVE;
				GCC_WARN_UNUSED_FUNCTION = YES;
				GCC_WARN_UNUSED_VARIABLE = YES;
				IPHONEOS_DEPLOYMENT_TARGET = 11.2;
				MTL_ENABLE_DEBUG_INFO = YES;
				ONLY_ACTIVE_ARCH = YES;
				SDKROOT = iphoneos;
			};
			name = Debug;
		};
		391FF58E2183EDD70097D754 /* Release */ = {
			isa = XCBuildConfiguration;
			buildSettings = {
				ALWAYS_SEARCH_USER_PATHS = NO;
				CLANG_ANALYZER_NONNULL = YES;
				CLANG_ANALYZER_NUMBER_OBJECT_CONVERSION = YES_AGGRESSIVE;
				CLANG_CXX_LANGUAGE_STANDARD = "gnu++14";
				CLANG_CXX_LIBRARY = "libc++";
				CLANG_ENABLE_MODULES = YES;
				CLANG_ENABLE_OBJC_ARC = YES;
				CLANG_WARN_BLOCK_CAPTURE_AUTORELEASING = YES;
				CLANG_WARN_BOOL_CONVERSION = YES;
				CLANG_WARN_COMMA = YES;
				CLANG_WARN_CONSTANT_CONVERSION = YES;
				CLANG_WARN_DIRECT_OBJC_ISA_USAGE = YES_ERROR;
				CLANG_WARN_DOCUMENTATION_COMMENTS = YES;
				CLANG_WARN_EMPTY_BODY = YES;
				CLANG_WARN_ENUM_CONVERSION = YES;
				CLANG_WARN_INFINITE_RECURSION = YES;
				CLANG_WARN_INT_CONVERSION = YES;
				CLANG_WARN_NON_LITERAL_NULL_CONVERSION = YES;
				CLANG_WARN_OBJC_LITERAL_CONVERSION = YES;
				CLANG_WARN_OBJC_ROOT_CLASS = YES_ERROR;
				CLANG_WARN_RANGE_LOOP_ANALYSIS = YES;
				CLANG_WARN_STRICT_PROTOTYPES = YES;
				CLANG_WARN_SUSPICIOUS_MOVE = YES;
				CLANG_WARN_UNGUARDED_AVAILABILITY = YES_AGGRESSIVE;
				CLANG_WARN_UNREACHABLE_CODE = YES;
				CLANG_WARN__DUPLICATE_METHOD_MATCH = YES;
				CODE_SIGN_IDENTITY = "iPhone Developer";
				COPY_PHASE_STRIP = NO;
				DEBUG_INFORMATION_FORMAT = "dwarf-with-dsym";
				ENABLE_NS_ASSERTIONS = NO;
				ENABLE_STRICT_OBJC_MSGSEND = YES;
				GCC_C_LANGUAGE_STANDARD = gnu11;
				GCC_NO_COMMON_BLOCKS = YES;
				GCC_WARN_64_TO_32_BIT_CONVERSION = YES;
				GCC_WARN_ABOUT_RETURN_TYPE = YES_ERROR;
				GCC_WARN_UNDECLARED_SELECTOR = YES;
				GCC_WARN_UNINITIALIZED_AUTOS = YES_AGGRESSIVE;
				GCC_WARN_UNUSED_FUNCTION = YES;
				GCC_WARN_UNUSED_VARIABLE = YES;
				IPHONEOS_DEPLOYMENT_TARGET = 11.2;
				MTL_ENABLE_DEBUG_INFO = NO;
				SDKROOT = iphoneos;
				VALIDATE_PRODUCT = YES;
			};
			name = Release;
		};
		391FF5902183EDD70097D754 /* Debug */ = {
			isa = XCBuildConfiguration;
			buildSettings = {
				ASSETCATALOG_COMPILER_APPICON_NAME = AppIcon;
				CODE_SIGN_STYLE = Automatic;
				INFOPLIST_FILE = onlyDemo/Info.plist;
				LD_RUNPATH_SEARCH_PATHS = "$(inherited) @executable_path/Frameworks";
				PRODUCT_BUNDLE_IDENTIFIER = ljabc.onlyDemo;
				PRODUCT_NAME = "$(TARGET_NAME)";
				TARGETED_DEVICE_FAMILY = "1,2";
			};
			name = Debug;
		};
		391FF5912183EDD70097D754 /* Release */ = {
			isa = XCBuildConfiguration;
			buildSettings = {
				ASSETCATALOG_COMPILER_APPICON_NAME = AppIcon;
				CODE_SIGN_STYLE = Automatic;
				INFOPLIST_FILE = onlyDemo/Info.plist;
				LD_RUNPATH_SEARCH_PATHS = "$(inherited) @executable_path/Frameworks";
				PRODUCT_BUNDLE_IDENTIFIER = ljabc.onlyDemo;
				PRODUCT_NAME = "$(TARGET_NAME)";
				TARGETED_DEVICE_FAMILY = "1,2";
			};
			name = Release;
		};
		391FF5932183EDD70097D754 /* Debug */ = {
			isa = XCBuildConfiguration;
			buildSettings = {
				BUNDLE_LOADER = "$(TEST_HOST)";
				CODE_SIGN_STYLE = Automatic;
				INFOPLIST_FILE = onlyDemoTests/Info.plist;
				LD_RUNPATH_SEARCH_PATHS = "$(inherited) @executable_path/Frameworks @loader_path/Frameworks";
				PRODUCT_BUNDLE_IDENTIFIER = ljabc.onlyDemoTests;
				PRODUCT_NAME = "$(TARGET_NAME)";
				TARGETED_DEVICE_FAMILY = "1,2";
				TEST_HOST = "$(BUILT_PRODUCTS_DIR)/onlyDemo.app/onlyDemo";
			};
			name = Debug;
		};
		391FF5942183EDD70097D754 /* Release */ = {
			isa = XCBuildConfiguration;
			buildSettings = {
				BUNDLE_LOADER = "$(TEST_HOST)";
				CODE_SIGN_STYLE = Automatic;
				INFOPLIST_FILE = onlyDemoTests/Info.plist;
				LD_RUNPATH_SEARCH_PATHS = "$(inherited) @executable_path/Frameworks @loader_path/Frameworks";
				PRODUCT_BUNDLE_IDENTIFIER = ljabc.onlyDemoTests;
				PRODUCT_NAME = "$(TARGET_NAME)";
				TARGETED_DEVICE_FAMILY = "1,2";
				TEST_HOST = "$(BUILT_PRODUCTS_DIR)/onlyDemo.app/onlyDemo";
			};
			name = Release;
		};
		391FF5962183EDD70097D754 /* Debug */ = {
			isa = XCBuildConfiguration;
			buildSettings = {
				CODE_SIGN_STYLE = Automatic;
				INFOPLIST_FILE = onlyDemoUITests/Info.plist;
				LD_RUNPATH_SEARCH_PATHS = "$(inherited) @executable_path/Frameworks @loader_path/Frameworks";
				PRODUCT_BUNDLE_IDENTIFIER = ljabc.onlyDemoUITests;
				PRODUCT_NAME = "$(TARGET_NAME)";
				TARGETED_DEVICE_FAMILY = "1,2";
				TEST_TARGET_NAME = onlyDemo;
			};
			name = Debug;
		};
		391FF5972183EDD70097D754 /* Release */ = {
			isa = XCBuildConfiguration;
			buildSettings = {
				CODE_SIGN_STYLE = Automatic;
				INFOPLIST_FILE = onlyDemoUITests/Info.plist;
				LD_RUNPATH_SEARCH_PATHS = "$(inherited) @executable_path/Frameworks @loader_path/Frameworks";
				PRODUCT_BUNDLE_IDENTIFIER = ljabc.onlyDemoUITests;
				PRODUCT_NAME = "$(TARGET_NAME)";
				TARGETED_DEVICE_FAMILY = "1,2";
				TEST_TARGET_NAME = onlyDemo;
			};
			name = Release;
		};
/* End XCBuildConfiguration section */

/* Begin XCConfigurationList section */
		391FF55E2183EDD70097D754 /* Build configuration list for PBXProject "onlyDemo" */ = {
			isa = XCConfigurationList;
			buildConfigurations = (
				391FF58D2183EDD70097D754 /* Debug */,
				391FF58E2183EDD70097D754 /* Release */,
			);
			defaultConfigurationIsVisible = 0;
			defaultConfigurationName = Release;
		};
		391FF58F2183EDD70097D754 /* Build configuration list for PBXNativeTarget "onlyDemo" */ = {
			isa = XCConfigurationList;
			buildConfigurations = (
				391FF5902183EDD70097D754 /* Debug */,
				391FF5912183EDD70097D754 /* Release */,
			);
			defaultConfigurationIsVisible = 0;
			defaultConfigurationName = Release;
		};
		391FF5922183EDD70097D754 /* Build configuration list for PBXNativeTarget "onlyDemoTests" */ = {
			isa = XCConfigurationList;
			buildConfigurations = (
				391FF5932183EDD70097D754 /* Debug */,
				391FF5942183EDD70097D754 /* Release */,
			);
			defaultConfigurationIsVisible = 0;
			defaultConfigurationName = Release;
		};
		391FF5952183EDD70097D754 /* Build configuration list for PBXNativeTarget "onlyDemoUITests" */ = {
			isa = XCConfigurationList;
			buildConfigurations = (
				391FF5962183EDD70097D754 /* Debug */,
				391FF5972183EDD70097D754 /* Release */,
			);
			defaultConfigurationIsVisible = 0;
			defaultConfigurationName = Release;
		};
/* End XCConfigurationList section */
	};
	rootObject = 391FF55B2183EDD70097D754 /* Project object */;
}
